
Microsoft Visual Studio Solution File, Format Version 12.00
# Visual Studio 15
VisualStudioVersion = 15.0.27428.2002
MinimumVisualStudioVersion = 10.0.40219.1
Project("{FAE04EC0-301F-11D3-BF4B-00C04F79EFBC}") = "EmployeeDirectory.Ui", "EmployeeDirectory\EmployeeDirectory.Ui.csproj", "{F9D13BBB-7D11-4BAF-A965-8BEDA3195145}"
EndProject
Project("{FAE04EC0-301F-11D3-BF4B-00C04F79EFBC}") = "EmployeeDirectory.Data", "EmployeeDirectory.Data\EmployeeDirectory.Data.csproj", "{3A039998-C9A8-428E-A2DD-0179C8D7E24A}"
EndProject
Project("{FAE04EC0-301F-11D3-BF4B-00C04F79EFBC}") = "EmployeeDirectory.Models", "EmployeeDirectory.Models\EmployeeDirectory.Models.csproj", "{2C92866D-BBA1-458B-92D5-CB7FDB4CE619}"
EndProject
Global
	GlobalSection(SolutionConfigurationPlatforms) = preSolution
		Debug|Any CPU = Debug|Any CPU
		Release|Any CPU = Release|Any CPU
	EndGlobalSection
	GlobalSection(ProjectConfigurationPlatforms) = postSolution
		{F9D13BBB-7D11-4BAF-A965-8BEDA3195145}.Debug|Any CPU.ActiveCfg = Debug|Any CPU
		{F9D13BBB-7D11-4BAF-A965-8BEDA3195145}.Debug|Any CPU.Build.0 = Debug|Any CPU
		{F9D13BBB-7D11-4BAF-A965-8BEDA3195145}.Release|Any CPU.ActiveCfg = Release|Any CPU
		{F9D13BBB-7D11-4BAF-A965-8BEDA3195145}.Release|Any CPU.Build.0 = Release|Any CPU
		{3A039998-C9A8-428E-A2DD-0179C8D7E24A}.Debug|Any CPU.ActiveCfg = Debug|Any CPU
		{3A039998-C9A8-428E-A2DD-0179C8D7E24A}.Debug|Any CPU.Build.0 = Debug|Any CPU
		{3A039998-C9A8-428E-A2DD-0179C8D7E24A}.Release|Any CPU.ActiveCfg = Release|Any CPU
		{3A039998-C9A8-428E-A2DD-0179C8D7E24A}.Release|Any CPU.Build.0 = Release|Any CPU
		{2C92866D-BBA1-458B-92D5-CB7FDB4CE619}.Debug|Any CPU.ActiveCfg = Debug|Any CPU
		{2C92866D-BBA1-458B-92D5-CB7FDB4CE619}.Debug|Any CPU.Build.0 = Debug|Any CPU
		{2C92866D-BBA1-458B-92D5-CB7FDB4CE619}.Release|Any CPU.ActiveCfg = Release|Any CPU
		{2C92866D-BBA1-458B-92D5-CB7FDB4CE619}.Release|Any CPU.Build.0 = Release|Any CPU
	EndGlobalSection
	GlobalSection(SolutionProperties) = preSolution
		HideSolutionNode = FALSE
	EndGlobalSection
	GlobalSection(ExtensibilityGlobals) = postSolution
		SolutionGuid = {3628D250-9B60-4027-8B8E-44931960EB48}
	EndGlobalSection
EndGlobal
